
Microsoft Visual Studio Solution File, Format Version 12.00
# Visual Studio Version 16
VisualStudioVersion = 16.0.29609.76
MinimumVisualStudioVersion = 10.0.40219.1
Project("{FAE04EC0-301F-11D3-BF4B-00C04F79EFBC}") = "Entity–relationship model", "Entity–relationship model\Entity–relationship model.csproj", "{D42F1FC0-7487-45F1-B486-ED6ADD30E1A8}"
EndProject
Global
	GlobalSection(SolutionConfigurationPlatforms) = preSolution
		Debug|Any CPU = Debug|Any CPU
		Release|Any CPU = Release|Any CPU
	EndGlobalSection
	GlobalSection(ProjectConfigurationPlatforms) = postSolution
		{D42F1FC0-7487-45F1-B486-ED6ADD30E1A8}.Debug|Any CPU.ActiveCfg = Debug|Any CPU
		{D42F1FC0-7487-45F1-B486-ED6ADD30E1A8}.Debug|Any CPU.Build.0 = Debug|Any CPU
		{D42F1FC0-7487-45F1-B486-ED6ADD30E1A8}.Release|Any CPU.ActiveCfg = Release|Any CPU
		{D42F1FC0-7487-45F1-B486-ED6ADD30E1A8}.Release|Any CPU.Build.0 = Release|Any CPU
	EndGlobalSection
	GlobalSection(SolutionProperties) = preSolution
		HideSolutionNode = FALSE
	EndGlobalSection
	GlobalSection(ExtensibilityGlobals) = postSolution
		SolutionGuid = {C1E52919-6D42-4141-8794-56C3ABD260F8}
	EndGlobalSection
EndGlobal
